
Microsoft Visual Studio Solution File, Format Version 12.00
# Visual Studio Version 16
VisualStudioVersion = 16.0.29424.173
MinimumVisualStudioVersion = 10.0.40219.1
Project("{FAE04EC0-301F-11D3-BF4B-00C04F79EFBC}") = "BubbleSort", "BubbleSort.csproj", "{5BCA6812-D9B9-41C3-9C6D-88AF4A97C99E}"
EndProject
Global
	GlobalSection(SolutionConfigurationPlatforms) = preSolution
		Debug|Any CPU = Debug|Any CPU
		Release|Any CPU = Release|Any CPU
	EndGlobalSection
	GlobalSection(ProjectConfigurationPlatforms) = postSolution
		{5BCA6812-D9B9-41C3-9C6D-88AF4A97C99E}.Debug|Any CPU.ActiveCfg = Debug|Any CPU
		{5BCA6812-D9B9-41C3-9C6D-88AF4A97C99E}.Debug|Any CPU.Build.0 = Debug|Any CPU
		{5BCA6812-D9B9-41C3-9C6D-88AF4A97C99E}.Release|Any CPU.ActiveCfg = Release|Any CPU
		{5BCA6812-D9B9-41C3-9C6D-88AF4A97C99E}.Release|Any CPU.Build.0 = Release|Any CPU
	EndGlobalSection
	GlobalSection(SolutionProperties) = preSolution
		HideSolutionNode = FALSE
	EndGlobalSection
	GlobalSection(ExtensibilityGlobals) = postSolution
		SolutionGuid = {69B9C1FD-3B99-48FD-BD7C-AF58381978A8}
	EndGlobalSection
EndGlobal
