
Microsoft Visual Studio Solution File, Format Version 12.00
# Visual Studio Version 16
VisualStudioVersion = 16.0.29418.71
MinimumVisualStudioVersion = 10.0.40219.1
Project("{FAE04EC0-301F-11D3-BF4B-00C04F79EFBC}") = "8x8chessboard", "8x8chessboard\8x8chessboard.csproj", "{AAED698F-761F-407B-B231-FF19AA66EA90}"
EndProject
Global
	GlobalSection(SolutionConfigurationPlatforms) = preSolution
		Debug|Any CPU = Debug|Any CPU
		Release|Any CPU = Release|Any CPU
	EndGlobalSection
	GlobalSection(ProjectConfigurationPlatforms) = postSolution
		{AAED698F-761F-407B-B231-FF19AA66EA90}.Debug|Any CPU.ActiveCfg = Debug|Any CPU
		{AAED698F-761F-407B-B231-FF19AA66EA90}.Debug|Any CPU.Build.0 = Debug|Any CPU
		{AAED698F-761F-407B-B231-FF19AA66EA90}.Release|Any CPU.ActiveCfg = Release|Any CPU
		{AAED698F-761F-407B-B231-FF19AA66EA90}.Release|Any CPU.Build.0 = Release|Any CPU
	EndGlobalSection
	GlobalSection(SolutionProperties) = preSolution
		HideSolutionNode = FALSE
	EndGlobalSection
	GlobalSection(ExtensibilityGlobals) = postSolution
		SolutionGuid = {DD9DDBB0-B0E4-4035-9AC5-2A557F833E8A}
	EndGlobalSection
EndGlobal
