
Microsoft Visual Studio Solution File, Format Version 12.00
# Visual Studio Version 16
VisualStudioVersion = 16.0.29609.76
MinimumVisualStudioVersion = 10.0.40219.1
Project("{FAE04EC0-301F-11D3-BF4B-00C04F79EFBC}") = "ConsoleApp1", "ConsoleApp1.csproj", "{E89BFB8D-70BD-4AF4-8A29-3D1E887CA287}"
EndProject
Global
	GlobalSection(SolutionConfigurationPlatforms) = preSolution
		Debug|Any CPU = Debug|Any CPU
		Release|Any CPU = Release|Any CPU
	EndGlobalSection
	GlobalSection(ProjectConfigurationPlatforms) = postSolution
		{E89BFB8D-70BD-4AF4-8A29-3D1E887CA287}.Debug|Any CPU.ActiveCfg = Debug|Any CPU
		{E89BFB8D-70BD-4AF4-8A29-3D1E887CA287}.Debug|Any CPU.Build.0 = Debug|Any CPU
		{E89BFB8D-70BD-4AF4-8A29-3D1E887CA287}.Release|Any CPU.ActiveCfg = Release|Any CPU
		{E89BFB8D-70BD-4AF4-8A29-3D1E887CA287}.Release|Any CPU.Build.0 = Release|Any CPU
	EndGlobalSection
	GlobalSection(SolutionProperties) = preSolution
		HideSolutionNode = FALSE
	EndGlobalSection
	GlobalSection(ExtensibilityGlobals) = postSolution
		SolutionGuid = {FCD0A024-146D-4ABF-B42C-0A6E53068A51}
	EndGlobalSection
EndGlobal
